
Microsoft Visual Studio Solution File, Format Version 12.00
# Visual Studio 15
VisualStudioVersion = 15.0.26124.0
MinimumVisualStudioVersion = 15.0.26124.0
Project("{FAE04EC0-301F-11D3-BF4B-00C04F79EFBC}") = "contactmgmt.web", "contactmgmt.web\contactmgmt.web.csproj", "{030F713C-C73E-457D-A50D-4DDE18ED6B46}"
EndProject
Project("{FAE04EC0-301F-11D3-BF4B-00C04F79EFBC}") = "contactmgmt.entities", "contactmgmt.entities\contactmgmt.entities.csproj", "{860CEB0D-572A-4881-9AA2-577C26D62B1B}"
EndProject
Project("{FAE04EC0-301F-11D3-BF4B-00C04F79EFBC}") = "contactmgmt.dal", "contactmgmt.dal\contactmgmt.dal.csproj", "{B9FAE545-85DC-46C3-943A-C42FA09831E7}"
EndProject
Global
	GlobalSection(SolutionConfigurationPlatforms) = preSolution
		Debug|Any CPU = Debug|Any CPU
		Debug|x64 = Debug|x64
		Debug|x86 = Debug|x86
		Release|Any CPU = Release|Any CPU
		Release|x64 = Release|x64
		Release|x86 = Release|x86
	EndGlobalSection
	GlobalSection(SolutionProperties) = preSolution
		HideSolutionNode = FALSE
	EndGlobalSection
	GlobalSection(ProjectConfigurationPlatforms) = postSolution
		{030F713C-C73E-457D-A50D-4DDE18ED6B46}.Debug|Any CPU.ActiveCfg = Debug|Any CPU
		{030F713C-C73E-457D-A50D-4DDE18ED6B46}.Debug|Any CPU.Build.0 = Debug|Any CPU
		{030F713C-C73E-457D-A50D-4DDE18ED6B46}.Debug|x64.ActiveCfg = Debug|x64
		{030F713C-C73E-457D-A50D-4DDE18ED6B46}.Debug|x64.Build.0 = Debug|x64
		{030F713C-C73E-457D-A50D-4DDE18ED6B46}.Debug|x86.ActiveCfg = Debug|x86
		{030F713C-C73E-457D-A50D-4DDE18ED6B46}.Debug|x86.Build.0 = Debug|x86
		{030F713C-C73E-457D-A50D-4DDE18ED6B46}.Release|Any CPU.ActiveCfg = Release|Any CPU
		{030F713C-C73E-457D-A50D-4DDE18ED6B46}.Release|Any CPU.Build.0 = Release|Any CPU
		{030F713C-C73E-457D-A50D-4DDE18ED6B46}.Release|x64.ActiveCfg = Release|x64
		{030F713C-C73E-457D-A50D-4DDE18ED6B46}.Release|x64.Build.0 = Release|x64
		{030F713C-C73E-457D-A50D-4DDE18ED6B46}.Release|x86.ActiveCfg = Release|x86
		{030F713C-C73E-457D-A50D-4DDE18ED6B46}.Release|x86.Build.0 = Release|x86
		{860CEB0D-572A-4881-9AA2-577C26D62B1B}.Debug|Any CPU.ActiveCfg = Debug|Any CPU
		{860CEB0D-572A-4881-9AA2-577C26D62B1B}.Debug|Any CPU.Build.0 = Debug|Any CPU
		{860CEB0D-572A-4881-9AA2-577C26D62B1B}.Debug|x64.ActiveCfg = Debug|x64
		{860CEB0D-572A-4881-9AA2-577C26D62B1B}.Debug|x64.Build.0 = Debug|x64
		{860CEB0D-572A-4881-9AA2-577C26D62B1B}.Debug|x86.ActiveCfg = Debug|x86
		{860CEB0D-572A-4881-9AA2-577C26D62B1B}.Debug|x86.Build.0 = Debug|x86
		{860CEB0D-572A-4881-9AA2-577C26D62B1B}.Release|Any CPU.ActiveCfg = Release|Any CPU
		{860CEB0D-572A-4881-9AA2-577C26D62B1B}.Release|Any CPU.Build.0 = Release|Any CPU
		{860CEB0D-572A-4881-9AA2-577C26D62B1B}.Release|x64.ActiveCfg = Release|x64
		{860CEB0D-572A-4881-9AA2-577C26D62B1B}.Release|x64.Build.0 = Release|x64
		{860CEB0D-572A-4881-9AA2-577C26D62B1B}.Release|x86.ActiveCfg = Release|x86
		{860CEB0D-572A-4881-9AA2-577C26D62B1B}.Release|x86.Build.0 = Release|x86
		{B9FAE545-85DC-46C3-943A-C42FA09831E7}.Debug|Any CPU.ActiveCfg = Debug|Any CPU
		{B9FAE545-85DC-46C3-943A-C42FA09831E7}.Debug|Any CPU.Build.0 = Debug|Any CPU
		{B9FAE545-85DC-46C3-943A-C42FA09831E7}.Debug|x64.ActiveCfg = Debug|x64
		{B9FAE545-85DC-46C3-943A-C42FA09831E7}.Debug|x64.Build.0 = Debug|x64
		{B9FAE545-85DC-46C3-943A-C42FA09831E7}.Debug|x86.ActiveCfg = Debug|x86
		{B9FAE545-85DC-46C3-943A-C42FA09831E7}.Debug|x86.Build.0 = Debug|x86
		{B9FAE545-85DC-46C3-943A-C42FA09831E7}.Release|Any CPU.ActiveCfg = Release|Any CPU
		{B9FAE545-85DC-46C3-943A-C42FA09831E7}.Release|Any CPU.Build.0 = Release|Any CPU
		{B9FAE545-85DC-46C3-943A-C42FA09831E7}.Release|x64.ActiveCfg = Release|x64
		{B9FAE545-85DC-46C3-943A-C42FA09831E7}.Release|x64.Build.0 = Release|x64
		{B9FAE545-85DC-46C3-943A-C42FA09831E7}.Release|x86.ActiveCfg = Release|x86
		{B9FAE545-85DC-46C3-943A-C42FA09831E7}.Release|x86.Build.0 = Release|x86
	EndGlobalSection
EndGlobal
